
Microsoft Visual Studio Solution File, Format Version 12.00
# Visual Studio 15
VisualStudioVersion = 15.0.26430.6
MinimumVisualStudioVersion = 10.0.40219.1
Project("{8BC9CEB8-8B4A-11D0-8D11-00A0C91BC942}") = "TypeInference", "TypeInference\TypeInference.vcxproj", "{6C62AA4C-CE72-4813-B02D-4031B32B6D8F}"
EndProject
Project("{8BC9CEB8-8B4A-11D0-8D11-00A0C91BC942}") = "UniformInitialization", "UniformInitialization\UniformInitialization.vcxproj", "{B073B246-7978-4238-B98F-2FD5418E1402}"
EndProject
Project("{8BC9CEB8-8B4A-11D0-8D11-00A0C91BC942}") = "LambdaExpression", "LambdaExpression\LambdaExpression.vcxproj", "{F2817177-DEF2-4378-A7C7-4006586C001F}"
EndProject
Project("{8BC9CEB8-8B4A-11D0-8D11-00A0C91BC942}") = "RangeBasedForLoop", "RangeBasedForLoop\RangeBasedForLoop.vcxproj", "{04ED275C-F31A-4D24-A7A9-61B07CC16EBD}"
EndProject
Project("{8BC9CEB8-8B4A-11D0-8D11-00A0C91BC942}") = "NullPtr", "NullPtr\NullPtr.vcxproj", "{EDD49B6B-01D4-44A7-B966-A751C729DCDB}"
EndProject
Project("{8BC9CEB8-8B4A-11D0-8D11-00A0C91BC942}") = "Enum", "Enum\Enum.vcxproj", "{FD2186DD-DBD8-4032-897E-F7AC813F6099}"
EndProject
Project("{8BC9CEB8-8B4A-11D0-8D11-00A0C91BC942}") = "ConstructorDemo", "ConstructorDemo\ConstructorDemo.vcxproj", "{552B6BF8-029C-4A57-A349-5DAB36CF1391}"
EndProject
Project("{8BC9CEB8-8B4A-11D0-8D11-00A0C91BC942}") = "MoveSemantics", "MoveSemantics\MoveSemantics.vcxproj", "{BF62D9C4-D46E-41B0-A602-DA0AD46F8A31}"
EndProject
Project("{8BC9CEB8-8B4A-11D0-8D11-00A0C91BC942}") = "FunctionTemplates", "FunctionTemplates\FunctionTemplates.vcxproj", "{409CCE16-54AF-4A65-9A19-45F087318F7F}"
EndProject
Project("{8BC9CEB8-8B4A-11D0-8D11-00A0C91BC942}") = "TemplateClasses", "TemplateClasses\TemplateClasses.vcxproj", "{7F36F9B0-C058-4E35-9F29-9611947235D5}"
EndProject
Project("{8BC9CEB8-8B4A-11D0-8D11-00A0C91BC942}") = "VariadicTemplates", "VariadicTemplates\VariadicTemplates.vcxproj", "{77EAA3E3-B682-40E9-A33E-C4660F090AE7}"
EndProject
Project("{8BC9CEB8-8B4A-11D0-8D11-00A0C91BC942}") = "UniquePointers", "UniquePointers\UniquePointers.vcxproj", "{4C494D42-961D-4C5F-9505-E71FBA075AF3}"
EndProject
Project("{8BC9CEB8-8B4A-11D0-8D11-00A0C91BC942}") = "SharedPointers", "SharedPointers\SharedPointers.vcxproj", "{1FDCE2E3-6CB4-4FC2-A2D0-28B792884A91}"
EndProject
Project("{8BC9CEB8-8B4A-11D0-8D11-00A0C91BC942}") = "Containers", "Containers\Containers.vcxproj", "{629CD965-64F1-4FB7-A9BF-681F527B4CAE}"
EndProject
Global
	GlobalSection(SolutionConfigurationPlatforms) = preSolution
		Debug|x64 = Debug|x64
		Debug|x86 = Debug|x86
		Release|x64 = Release|x64
		Release|x86 = Release|x86
	EndGlobalSection
	GlobalSection(ProjectConfigurationPlatforms) = postSolution
		{6C62AA4C-CE72-4813-B02D-4031B32B6D8F}.Debug|x64.ActiveCfg = Debug|x64
		{6C62AA4C-CE72-4813-B02D-4031B32B6D8F}.Debug|x64.Build.0 = Debug|x64
		{6C62AA4C-CE72-4813-B02D-4031B32B6D8F}.Debug|x86.ActiveCfg = Debug|Win32
		{6C62AA4C-CE72-4813-B02D-4031B32B6D8F}.Debug|x86.Build.0 = Debug|Win32
		{6C62AA4C-CE72-4813-B02D-4031B32B6D8F}.Release|x64.ActiveCfg = Release|x64
		{6C62AA4C-CE72-4813-B02D-4031B32B6D8F}.Release|x64.Build.0 = Release|x64
		{6C62AA4C-CE72-4813-B02D-4031B32B6D8F}.Release|x86.ActiveCfg = Release|Win32
		{6C62AA4C-CE72-4813-B02D-4031B32B6D8F}.Release|x86.Build.0 = Release|Win32
		{B073B246-7978-4238-B98F-2FD5418E1402}.Debug|x64.ActiveCfg = Debug|x64
		{B073B246-7978-4238-B98F-2FD5418E1402}.Debug|x64.Build.0 = Debug|x64
		{B073B246-7978-4238-B98F-2FD5418E1402}.Debug|x86.ActiveCfg = Debug|Win32
		{B073B246-7978-4238-B98F-2FD5418E1402}.Debug|x86.Build.0 = Debug|Win32
		{B073B246-7978-4238-B98F-2FD5418E1402}.Release|x64.ActiveCfg = Release|x64
		{B073B246-7978-4238-B98F-2FD5418E1402}.Release|x64.Build.0 = Release|x64
		{B073B246-7978-4238-B98F-2FD5418E1402}.Release|x86.ActiveCfg = Release|Win32
		{B073B246-7978-4238-B98F-2FD5418E1402}.Release|x86.Build.0 = Release|Win32
		{F2817177-DEF2-4378-A7C7-4006586C001F}.Debug|x64.ActiveCfg = Debug|x64
		{F2817177-DEF2-4378-A7C7-4006586C001F}.Debug|x64.Build.0 = Debug|x64
		{F2817177-DEF2-4378-A7C7-4006586C001F}.Debug|x86.ActiveCfg = Debug|Win32
		{F2817177-DEF2-4378-A7C7-4006586C001F}.Debug|x86.Build.0 = Debug|Win32
		{F2817177-DEF2-4378-A7C7-4006586C001F}.Release|x64.ActiveCfg = Release|x64
		{F2817177-DEF2-4378-A7C7-4006586C001F}.Release|x64.Build.0 = Release|x64
		{F2817177-DEF2-4378-A7C7-4006586C001F}.Release|x86.ActiveCfg = Release|Win32
		{F2817177-DEF2-4378-A7C7-4006586C001F}.Release|x86.Build.0 = Release|Win32
		{04ED275C-F31A-4D24-A7A9-61B07CC16EBD}.Debug|x64.ActiveCfg = Debug|x64
		{04ED275C-F31A-4D24-A7A9-61B07CC16EBD}.Debug|x64.Build.0 = Debug|x64
		{04ED275C-F31A-4D24-A7A9-61B07CC16EBD}.Debug|x86.ActiveCfg = Debug|Win32
		{04ED275C-F31A-4D24-A7A9-61B07CC16EBD}.Debug|x86.Build.0 = Debug|Win32
		{04ED275C-F31A-4D24-A7A9-61B07CC16EBD}.Release|x64.ActiveCfg = Release|x64
		{04ED275C-F31A-4D24-A7A9-61B07CC16EBD}.Release|x64.Build.0 = Release|x64
		{04ED275C-F31A-4D24-A7A9-61B07CC16EBD}.Release|x86.ActiveCfg = Release|Win32
		{04ED275C-F31A-4D24-A7A9-61B07CC16EBD}.Release|x86.Build.0 = Release|Win32
		{EDD49B6B-01D4-44A7-B966-A751C729DCDB}.Debug|x64.ActiveCfg = Debug|x64
		{EDD49B6B-01D4-44A7-B966-A751C729DCDB}.Debug|x64.Build.0 = Debug|x64
		{EDD49B6B-01D4-44A7-B966-A751C729DCDB}.Debug|x86.ActiveCfg = Debug|Win32
		{EDD49B6B-01D4-44A7-B966-A751C729DCDB}.Debug|x86.Build.0 = Debug|Win32
		{EDD49B6B-01D4-44A7-B966-A751C729DCDB}.Release|x64.ActiveCfg = Release|x64
		{EDD49B6B-01D4-44A7-B966-A751C729DCDB}.Release|x64.Build.0 = Release|x64
		{EDD49B6B-01D4-44A7-B966-A751C729DCDB}.Release|x86.ActiveCfg = Release|Win32
		{EDD49B6B-01D4-44A7-B966-A751C729DCDB}.Release|x86.Build.0 = Release|Win32
		{FD2186DD-DBD8-4032-897E-F7AC813F6099}.Debug|x64.ActiveCfg = Debug|x64
		{FD2186DD-DBD8-4032-897E-F7AC813F6099}.Debug|x64.Build.0 = Debug|x64
		{FD2186DD-DBD8-4032-897E-F7AC813F6099}.Debug|x86.ActiveCfg = Debug|Win32
		{FD2186DD-DBD8-4032-897E-F7AC813F6099}.Debug|x86.Build.0 = Debug|Win32
		{FD2186DD-DBD8-4032-897E-F7AC813F6099}.Release|x64.ActiveCfg = Release|x64
		{FD2186DD-DBD8-4032-897E-F7AC813F6099}.Release|x64.Build.0 = Release|x64
		{FD2186DD-DBD8-4032-897E-F7AC813F6099}.Release|x86.ActiveCfg = Release|Win32
		{FD2186DD-DBD8-4032-897E-F7AC813F6099}.Release|x86.Build.0 = Release|Win32
		{552B6BF8-029C-4A57-A349-5DAB36CF1391}.Debug|x64.ActiveCfg = Debug|x64
		{552B6BF8-029C-4A57-A349-5DAB36CF1391}.Debug|x64.Build.0 = Debug|x64
		{552B6BF8-029C-4A57-A349-5DAB36CF1391}.Debug|x86.ActiveCfg = Debug|Win32
		{552B6BF8-029C-4A57-A349-5DAB36CF1391}.Debug|x86.Build.0 = Debug|Win32
		{552B6BF8-029C-4A57-A349-5DAB36CF1391}.Release|x64.ActiveCfg = Release|x64
		{552B6BF8-029C-4A57-A349-5DAB36CF1391}.Release|x64.Build.0 = Release|x64
		{552B6BF8-029C-4A57-A349-5DAB36CF1391}.Release|x86.ActiveCfg = Release|Win32
		{552B6BF8-029C-4A57-A349-5DAB36CF1391}.Release|x86.Build.0 = Release|Win32
		{BF62D9C4-D46E-41B0-A602-DA0AD46F8A31}.Debug|x64.ActiveCfg = Debug|x64
		{BF62D9C4-D46E-41B0-A602-DA0AD46F8A31}.Debug|x64.Build.0 = Debug|x64
		{BF62D9C4-D46E-41B0-A602-DA0AD46F8A31}.Debug|x86.ActiveCfg = Debug|Win32
		{BF62D9C4-D46E-41B0-A602-DA0AD46F8A31}.Debug|x86.Build.0 = Debug|Win32
		{BF62D9C4-D46E-41B0-A602-DA0AD46F8A31}.Release|x64.ActiveCfg = Release|x64
		{BF62D9C4-D46E-41B0-A602-DA0AD46F8A31}.Release|x64.Build.0 = Release|x64
		{BF62D9C4-D46E-41B0-A602-DA0AD46F8A31}.Release|x86.ActiveCfg = Release|Win32
		{BF62D9C4-D46E-41B0-A602-DA0AD46F8A31}.Release|x86.Build.0 = Release|Win32
		{409CCE16-54AF-4A65-9A19-45F087318F7F}.Debug|x64.ActiveCfg = Debug|x64
		{409CCE16-54AF-4A65-9A19-45F087318F7F}.Debug|x64.Build.0 = Debug|x64
		{409CCE16-54AF-4A65-9A19-45F087318F7F}.Debug|x86.ActiveCfg = Debug|Win32
		{409CCE16-54AF-4A65-9A19-45F087318F7F}.Debug|x86.Build.0 = Debug|Win32
		{409CCE16-54AF-4A65-9A19-45F087318F7F}.Release|x64.ActiveCfg = Release|x64
		{409CCE16-54AF-4A65-9A19-45F087318F7F}.Release|x64.Build.0 = Release|x64
		{409CCE16-54AF-4A65-9A19-45F087318F7F}.Release|x86.ActiveCfg = Release|Win32
		{409CCE16-54AF-4A65-9A19-45F087318F7F}.Release|x86.Build.0 = Release|Win32
		{7F36F9B0-C058-4E35-9F29-9611947235D5}.Debug|x64.ActiveCfg = Debug|x64
		{7F36F9B0-C058-4E35-9F29-9611947235D5}.Debug|x64.Build.0 = Debug|x64
		{7F36F9B0-C058-4E35-9F29-9611947235D5}.Debug|x86.ActiveCfg = Debug|Win32
		{7F36F9B0-C058-4E35-9F29-9611947235D5}.Debug|x86.Build.0 = Debug|Win32
		{7F36F9B0-C058-4E35-9F29-9611947235D5}.Release|x64.ActiveCfg = Release|x64
		{7F36F9B0-C058-4E35-9F29-9611947235D5}.Release|x64.Build.0 = Release|x64
		{7F36F9B0-C058-4E35-9F29-9611947235D5}.Release|x86.ActiveCfg = Release|Win32
		{7F36F9B0-C058-4E35-9F29-9611947235D5}.Release|x86.Build.0 = Release|Win32
		{77EAA3E3-B682-40E9-A33E-C4660F090AE7}.Debug|x64.ActiveCfg = Debug|x64
		{77EAA3E3-B682-40E9-A33E-C4660F090AE7}.Debug|x64.Build.0 = Debug|x64
		{77EAA3E3-B682-40E9-A33E-C4660F090AE7}.Debug|x86.ActiveCfg = Debug|Win32
		{77EAA3E3-B682-40E9-A33E-C4660F090AE7}.Debug|x86.Build.0 = Debug|Win32
		{77EAA3E3-B682-40E9-A33E-C4660F090AE7}.Release|x64.ActiveCfg = Release|x64
		{77EAA3E3-B682-40E9-A33E-C4660F090AE7}.Release|x64.Build.0 = Release|x64
		{77EAA3E3-B682-40E9-A33E-C4660F090AE7}.Release|x86.ActiveCfg = Release|Win32
		{77EAA3E3-B682-40E9-A33E-C4660F090AE7}.Release|x86.Build.0 = Release|Win32
		{4C494D42-961D-4C5F-9505-E71FBA075AF3}.Debug|x64.ActiveCfg = Debug|x64
		{4C494D42-961D-4C5F-9505-E71FBA075AF3}.Debug|x64.Build.0 = Debug|x64
		{4C494D42-961D-4C5F-9505-E71FBA075AF3}.Debug|x86.ActiveCfg = Debug|Win32
		{4C494D42-961D-4C5F-9505-E71FBA075AF3}.Debug|x86.Build.0 = Debug|Win32
		{4C494D42-961D-4C5F-9505-E71FBA075AF3}.Release|x64.ActiveCfg = Release|x64
		{4C494D42-961D-4C5F-9505-E71FBA075AF3}.Release|x64.Build.0 = Release|x64
		{4C494D42-961D-4C5F-9505-E71FBA075AF3}.Release|x86.ActiveCfg = Release|Win32
		{4C494D42-961D-4C5F-9505-E71FBA075AF3}.Release|x86.Build.0 = Release|Win32
		{1FDCE2E3-6CB4-4FC2-A2D0-28B792884A91}.Debug|x64.ActiveCfg = Debug|x64
		{1FDCE2E3-6CB4-4FC2-A2D0-28B792884A91}.Debug|x64.Build.0 = Debug|x64
		{1FDCE2E3-6CB4-4FC2-A2D0-28B792884A91}.Debug|x86.ActiveCfg = Debug|Win32
		{1FDCE2E3-6CB4-4FC2-A2D0-28B792884A91}.Debug|x86.Build.0 = Debug|Win32
		{1FDCE2E3-6CB4-4FC2-A2D0-28B792884A91}.Release|x64.ActiveCfg = Release|x64
		{1FDCE2E3-6CB4-4FC2-A2D0-28B792884A91}.Release|x64.Build.0 = Release|x64
		{1FDCE2E3-6CB4-4FC2-A2D0-28B792884A91}.Release|x86.ActiveCfg = Release|Win32
		{1FDCE2E3-6CB4-4FC2-A2D0-28B792884A91}.Release|x86.Build.0 = Release|Win32
		{629CD965-64F1-4FB7-A9BF-681F527B4CAE}.Debug|x64.ActiveCfg = Debug|x64
		{629CD965-64F1-4FB7-A9BF-681F527B4CAE}.Debug|x64.Build.0 = Debug|x64
		{629CD965-64F1-4FB7-A9BF-681F527B4CAE}.Debug|x86.ActiveCfg = Debug|Win32
		{629CD965-64F1-4FB7-A9BF-681F527B4CAE}.Debug|x86.Build.0 = Debug|Win32
		{629CD965-64F1-4FB7-A9BF-681F527B4CAE}.Release|x64.ActiveCfg = Release|x64
		{629CD965-64F1-4FB7-A9BF-681F527B4CAE}.Release|x64.Build.0 = Release|x64
		{629CD965-64F1-4FB7-A9BF-681F527B4CAE}.Release|x86.ActiveCfg = Release|Win32
		{629CD965-64F1-4FB7-A9BF-681F527B4CAE}.Release|x86.Build.0 = Release|Win32
	EndGlobalSection
	GlobalSection(SolutionProperties) = preSolution
		HideSolutionNode = FALSE
	EndGlobalSection
EndGlobal
